
Microsoft Visual Studio Solution File, Format Version 12.00
# Visual Studio Version 17
VisualStudioVersion = 17.7.34221.43
MinimumVisualStudioVersion = 10.0.40219.1
Project("{FAE04EC0-301F-11D3-BF4B-00C04F79EFBC}") = "LINQ PROJECTION OPERATORS", "LINQ PROJECTION OPERATORS.csproj", "{27A65671-D031-469E-8103-D49EF361CC64}"
EndProject
Project("{FAE04EC0-301F-11D3-BF4B-00C04F79EFBC}") = "LINQ SORTING OPERATORS", "..\LINQ SORTING OPERATORS\LINQ SORTING OPERATORS.csproj", "{F853DC78-E851-4505-B355-A920F1D443B7}"
EndProject
Project("{FAE04EC0-301F-11D3-BF4B-00C04F79EFBC}") = "LINQ SET OPERATORS", "..\LINQ SET OPERATOR\LINQ SET OPERATORS.csproj", "{A8100708-F045-460C-8EAC-B9C4D636DFA1}"
EndProject
Global
	GlobalSection(SolutionConfigurationPlatforms) = preSolution
		Debug|Any CPU = Debug|Any CPU
		Release|Any CPU = Release|Any CPU
	EndGlobalSection
	GlobalSection(ProjectConfigurationPlatforms) = postSolution
		{27A65671-D031-469E-8103-D49EF361CC64}.Debug|Any CPU.ActiveCfg = Debug|Any CPU
		{27A65671-D031-469E-8103-D49EF361CC64}.Debug|Any CPU.Build.0 = Debug|Any CPU
		{27A65671-D031-469E-8103-D49EF361CC64}.Release|Any CPU.ActiveCfg = Release|Any CPU
		{27A65671-D031-469E-8103-D49EF361CC64}.Release|Any CPU.Build.0 = Release|Any CPU
		{F853DC78-E851-4505-B355-A920F1D443B7}.Debug|Any CPU.ActiveCfg = Debug|Any CPU
		{F853DC78-E851-4505-B355-A920F1D443B7}.Debug|Any CPU.Build.0 = Debug|Any CPU
		{F853DC78-E851-4505-B355-A920F1D443B7}.Release|Any CPU.ActiveCfg = Release|Any CPU
		{F853DC78-E851-4505-B355-A920F1D443B7}.Release|Any CPU.Build.0 = Release|Any CPU
		{A8100708-F045-460C-8EAC-B9C4D636DFA1}.Debug|Any CPU.ActiveCfg = Debug|Any CPU
		{A8100708-F045-460C-8EAC-B9C4D636DFA1}.Debug|Any CPU.Build.0 = Debug|Any CPU
		{A8100708-F045-460C-8EAC-B9C4D636DFA1}.Release|Any CPU.ActiveCfg = Release|Any CPU
		{A8100708-F045-460C-8EAC-B9C4D636DFA1}.Release|Any CPU.Build.0 = Release|Any CPU
	EndGlobalSection
	GlobalSection(SolutionProperties) = preSolution
		HideSolutionNode = FALSE
	EndGlobalSection
	GlobalSection(ExtensibilityGlobals) = postSolution
		SolutionGuid = {8C022AE6-303B-41C4-9555-82D4C722458A}
	EndGlobalSection
EndGlobal
